
Microsoft Visual Studio Solution File, Format Version 12.00
# Visual Studio Version 17
VisualStudioVersion = 17.5.002.0
MinimumVisualStudioVersion = 10.0.40219.1
Project("{2150E333-8FDC-42A3-9474-1A3956D46DE8}") = "src", "src", "{B3851E20-D803-4C09-A8CF-474A5683F93A}"
EndProject
Project("{9A19103F-16F7-4668-BE54-9A1E7A4F7556}") = "UmbracoProject.Code", "src\UmbracoProject.Code\UmbracoProject.Code.csproj", "{3CC3307F-ACAF-4124-98B2-3B66871FCA98}"
EndProject
Project("{9A19103F-16F7-4668-BE54-9A1E7A4F7556}") = "UmbracoProject", "src\UmbracoProject\UmbracoProject.csproj", "{75A235DF-A41B-419C-BB7A-F00E21E05057}"
EndProject
Global
	GlobalSection(SolutionConfigurationPlatforms) = preSolution
		Debug|Any CPU = Debug|Any CPU
		Release|Any CPU = Release|Any CPU
	EndGlobalSection
	GlobalSection(ProjectConfigurationPlatforms) = postSolution
		{3CC3307F-ACAF-4124-98B2-3B66871FCA98}.Debug|Any CPU.ActiveCfg = Debug|Any CPU
		{3CC3307F-ACAF-4124-98B2-3B66871FCA98}.Debug|Any CPU.Build.0 = Debug|Any CPU
		{3CC3307F-ACAF-4124-98B2-3B66871FCA98}.Release|Any CPU.ActiveCfg = Release|Any CPU
		{3CC3307F-ACAF-4124-98B2-3B66871FCA98}.Release|Any CPU.Build.0 = Release|Any CPU
		{75A235DF-A41B-419C-BB7A-F00E21E05057}.Debug|Any CPU.ActiveCfg = Debug|Any CPU
		{75A235DF-A41B-419C-BB7A-F00E21E05057}.Debug|Any CPU.Build.0 = Debug|Any CPU
		{75A235DF-A41B-419C-BB7A-F00E21E05057}.Release|Any CPU.ActiveCfg = Release|Any CPU
		{75A235DF-A41B-419C-BB7A-F00E21E05057}.Release|Any CPU.Build.0 = Release|Any CPU
	EndGlobalSection
	GlobalSection(SolutionProperties) = preSolution
		HideSolutionNode = FALSE
	EndGlobalSection
	GlobalSection(NestedProjects) = preSolution
		{3CC3307F-ACAF-4124-98B2-3B66871FCA98} = {B3851E20-D803-4C09-A8CF-474A5683F93A}
		{75A235DF-A41B-419C-BB7A-F00E21E05057} = {B3851E20-D803-4C09-A8CF-474A5683F93A}
	EndGlobalSection
	GlobalSection(ExtensibilityGlobals) = postSolution
		SolutionGuid = {ACD1AA95-EAE8-405F-BED7-0A9DD559177D}
	EndGlobalSection
EndGlobal
